
Microsoft Visual Studio Solution File, Format Version 12.00
# Visual Studio Version 17
VisualStudioVersion = 17.8.34525.116
MinimumVisualStudioVersion = 10.0.40219.1
Project("{FAE04EC0-301F-11D3-BF4B-00C04F79EFBC}") = "InterfazQ2024", "InterfazQ2024\InterfazQ2024.csproj", "{8EF82FE4-B5EE-4373-80F6-4B0F83E013EC}"
EndProject
Global
	GlobalSection(SolutionConfigurationPlatforms) = preSolution
		Debug|Any CPU = Debug|Any CPU
		Release|Any CPU = Release|Any CPU
	EndGlobalSection
	GlobalSection(ProjectConfigurationPlatforms) = postSolution
		{8EF82FE4-B5EE-4373-80F6-4B0F83E013EC}.Debug|Any CPU.ActiveCfg = Debug|Any CPU
		{8EF82FE4-B5EE-4373-80F6-4B0F83E013EC}.Debug|Any CPU.Build.0 = Debug|Any CPU
		{8EF82FE4-B5EE-4373-80F6-4B0F83E013EC}.Release|Any CPU.ActiveCfg = Release|Any CPU
		{8EF82FE4-B5EE-4373-80F6-4B0F83E013EC}.Release|Any CPU.Build.0 = Release|Any CPU
	EndGlobalSection
	GlobalSection(SolutionProperties) = preSolution
		HideSolutionNode = FALSE
	EndGlobalSection
	GlobalSection(ExtensibilityGlobals) = postSolution
		SolutionGuid = {8D4BA2FB-AB48-4721-BEC9-BD4FF6EF1389}
	EndGlobalSection
EndGlobal
